
Microsoft Visual Studio Solution File, Format Version 12.00
# Visual Studio Version 16
VisualStudioVersion = 16.0.31729.503
MinimumVisualStudioVersion = 10.0.40219.1
Project("{FAE04EC0-301F-11D3-BF4B-00C04F79EFBC}") = "Padel", "Padel\Padel.csproj", "{F2D62905-7247-4438-AA3D-BBEECA6AB1CE}"
EndProject
Project("{FAE04EC0-301F-11D3-BF4B-00C04F79EFBC}") = "PadelTest", "PadelTest\PadelTest.csproj", "{2BAC5D0E-95B6-465F-BA26-691951C95B5C}"
EndProject
Global
	GlobalSection(SolutionConfigurationPlatforms) = preSolution
		Debug|Any CPU = Debug|Any CPU
		Release|Any CPU = Release|Any CPU
	EndGlobalSection
	GlobalSection(ProjectConfigurationPlatforms) = postSolution
		{F2D62905-7247-4438-AA3D-BBEECA6AB1CE}.Debug|Any CPU.ActiveCfg = Debug|Any CPU
		{F2D62905-7247-4438-AA3D-BBEECA6AB1CE}.Debug|Any CPU.Build.0 = Debug|Any CPU
		{F2D62905-7247-4438-AA3D-BBEECA6AB1CE}.Release|Any CPU.ActiveCfg = Release|Any CPU
		{F2D62905-7247-4438-AA3D-BBEECA6AB1CE}.Release|Any CPU.Build.0 = Release|Any CPU
		{2BAC5D0E-95B6-465F-BA26-691951C95B5C}.Debug|Any CPU.ActiveCfg = Debug|Any CPU
		{2BAC5D0E-95B6-465F-BA26-691951C95B5C}.Debug|Any CPU.Build.0 = Debug|Any CPU
		{2BAC5D0E-95B6-465F-BA26-691951C95B5C}.Release|Any CPU.ActiveCfg = Release|Any CPU
		{2BAC5D0E-95B6-465F-BA26-691951C95B5C}.Release|Any CPU.Build.0 = Release|Any CPU
	EndGlobalSection
	GlobalSection(SolutionProperties) = preSolution
		HideSolutionNode = FALSE
	EndGlobalSection
	GlobalSection(ExtensibilityGlobals) = postSolution
		SolutionGuid = {32E2F6F4-BE01-48C1-840F-2B2A5C521080}
	EndGlobalSection
EndGlobal
